langcode: en
status: true
dependencies:
  config:
    - field.storage.paragraph.config_block
    - paragraphs.paragraphs_type.config_block
  module:
    - block_field
id: paragraph.config_block.config_block
field_name: config_block
entity_type: paragraph
bundle: config_block
label: 'Configurable block'
description: ''
required: true
translatable: false
default_value: {  }
default_value_callback: ''
settings:
  selection: blocks
  selection_settings:
    plugin_ids:
      'entity_view:node': 'entity_view:node'
      user_login_block: user_login_block
      'system_menu_block:legal': 'system_menu_block:legal'
      'system_menu_block:account': 'system_menu_block:account'
      'system_menu_block:main': 'system_menu_block:main'
      'system_menu_block:tools': 'system_menu_block:tools'
      'system_menu_block:footer': 'system_menu_block:footer'
      'system_menu_block:social-medias': 'system_menu_block:social-medias'
      system_branding_block: system_branding_block
field_type: block_field
